// !$*UTF8*$!
{
	archiveVersion = 1;
	classes = {
	};
	objectVersion = 56;
	objects = {

/* Begin PBXBuildFile section */
		F1D92FFF2992A5E300A28786 /* Programming_JokesApp.swift in Sources */ = {isa = PBXBuildFile; fileRef = F1D92FFE2992A5E300A28786 /* Programming_JokesApp.swift */; };
		F1D930012992A5E300A28786 /* ContentView.swift in Sources */ = {isa = PBXBuildFile; fileRef = F1D930002992A5E300A28786 /* ContentView.swift */; };
		F1D930032992A5E400A28786 /* Assets.xcassets in Resources */ = {isa = PBXBuildFile; fileRef = F1D930022992A5E400A28786 /* Assets.xcassets */; };
		F1D930062992A5E400A28786 /* Preview Assets.xcassets in Resources */ = {isa = PBXBuildFile; fileRef = F1D930052992A5E400A28786 /* Preview Assets.xcassets */; };
		F1D930102992A5E400A28786 /* Programming_JokesTests.swift in Sources */ = {isa = PBXBuildFile; fileRef = F1D9300F2992A5E400A28786 /* Programming_JokesTests.swift */; };
		F1D9301A2992A5E400A28786 /* Programming_JokesUITests.swift in Sources */ = {isa = PBXBuildFile; fileRef = F1D930192992A5E400A28786 /* Programming_JokesUITests.swift */; };
		F1D9301C2992A5E400A28786 /* Programming_JokesUITestsLaunchTests.swift in Sources */ = {isa = PBXBuildFile; fileRef = F1D9301B2992A5E400A28786 /* Programming_JokesUITestsLaunchTests.swift */; };
/* End PBXBuildFile section */

/* Begin PBXContainerItemProxy section */
		F1D9300C2992A5E400A28786 /* PBXContainerItemProxy */ = {
			isa = PBXContainerItemProxy;
			containerPortal = F1D92FF32992A5E300A28786 /* Project object */;
			proxyType = 1;
			remoteGlobalIDString = F1D92FFA2992A5E300A28786;
			remoteInfo = "Programming Jokes";
		};
		F1D930162992A5E400A28786 /* PBXContainerItemProxy */ = {
			isa = PBXContainerItemProxy;
			containerPortal = F1D92FF32992A5E300A28786 /* Project object */;
			proxyType = 1;
			remoteGlobalIDString = F1D92FFA2992A5E300A28786;
			remoteInfo = "Programming Jokes";
		};
/* End PBXContainerItemProxy section */

/* Begin PBXFileReference section */
		F1D92FFB2992A5E300A28786 /* Programming Jokes.app */ = {isa = PBXFileReference; explicitFileType = wrapper.application; includeInIndex = 0; path = "Programming Jokes.app"; sourceTree = BUILT_PRODUCTS_DIR; };
		F1D92FFE2992A5E300A28786 /* Programming_JokesApp.swift */ = {isa = PBXFileReference; lastKnownFileType = sourcecode.swift; path = Programming_JokesApp.swift; sourceTree = "<group>"; };
		F1D930002992A5E300A28786 /* ContentView.swift */ = {isa = PBXFileReference; lastKnownFileType = sourcecode.swift; path = ContentView.swift; sourceTree = "<group>"; };
		F1D930022992A5E400A28786 /* Assets.xcassets */ = {isa = PBXFileReference; lastKnownFileType = folder.assetcatalog; path = Assets.xcassets; sourceTree = "<group>"; };
		F1D930052992A5E400A28786 /* Preview Assets.xcassets */ = {isa = PBXFileReference; lastKnownFileType = folder.assetcatalog; path = "Preview Assets.xcassets"; sourceTree = "<group>"; };
		F1D9300B2992A5E400A28786 /* Programming JokesTests.xctest */ = {isa = PBXFileReference; explicitFileType = wrapper.cfbundle; includeInIndex = 0; path = "Programming JokesTests.xctest"; sourceTree = BUILT_PRODUCTS_DIR; };
		F1D9300F2992A5E400A28786 /* Programming_JokesTests.swift */ = {isa = PBXFileReference; lastKnownFileType = sourcecode.swift; path = Programming_JokesTests.swift; sourceTree = "<group>"; };
		F1D930152992A5E400A28786 /* Programming JokesUITests.xctest */ = {isa = PBXFileReference; explicitFileType = wrapper.cfbundle; includeInIndex = 0; path = "Programming JokesUITests.xctest"; sourceTree = BUILT_PRODUCTS_DIR; };
		F1D930192992A5E400A28786 /* Programming_JokesUITests.swift */ = {isa = PBXFileReference; lastKnownFileType = sourcecode.swift; path = Programming_JokesUITests.swift; sourceTree = "<group>"; };
		F1D9301B2992A5E400A28786 /* Programming_JokesUITestsLaunchTests.swift */ = {isa = PBXFileReference; lastKnownFileType = sourcecode.swift; path = Programming_JokesUITestsLaunchTests.swift; sourceTree = "<group>"; };
/* End PBXFileReference section */

/* Begin PBXFrameworksBuildPhase section */
		F1D92FF82992A5E300A28786 /* Frameworks */ = {
			isa = PBXFrameworksBuildPhase;
			buildActionMask = 2147483647;
			files = (
			);
			runOnlyForDeploymentPostprocessing = 0;
		};
		F1D930082992A5E400A28786 /* Frameworks */ = {
			isa = PBXFrameworksBuildPhase;
			buildActionMask = 2147483647;
			files = (
			);
			runOnlyForDeploymentPostprocessing = 0;
		};
		F1D930122992A5E400A28786 /* Frameworks */ = {
			isa = PBXFrameworksBuildPhase;
			buildActionMask = 2147483647;
			files = (
			);
			runOnlyForDeploymentPostprocessing = 0;
		};
/* End PBXFrameworksBuildPhase section */

/* Begin PBXGroup section */
		F1D92FF22992A5E300A28786 = {
			isa = PBXGroup;
			children = (
				F1D92FFD2992A5E300A28786 /* Programming Jokes */,
				F1D9300E2992A5E400A28786 /* Programming JokesTests */,
				F1D930182992A5E400A28786 /* Programming JokesUITests */,
				F1D92FFC2992A5E300A28786 /* Products */,
			);
			sourceTree = "<group>";
		};
		F1D92FFC2992A5E300A28786 /* Products */ = {
			isa = PBXGroup;
			children = (
				F1D92FFB2992A5E300A28786 /* Programming Jokes.app */,
				F1D9300B2992A5E400A28786 /* Programming JokesTests.xctest */,
				F1D930152992A5E400A28786 /* Programming JokesUITests.xctest */,
			);
			name = Products;
			sourceTree = "<group>";
		};
		F1D92FFD2992A5E300A28786 /* Programming Jokes */ = {
			isa = PBXGroup;
			children = (
				F1D92FFE2992A5E300A28786 /* Programming_JokesApp.swift */,
				F1D930002992A5E300A28786 /* ContentView.swift */,
				F1D930022992A5E400A28786 /* Assets.xcassets */,
				F1D930042992A5E400A28786 /* Preview Content */,
			);
			path = "Programming Jokes";
			sourceTree = "<group>";
		};
		F1D930042992A5E400A28786 /* Preview Content */ = {
			isa = PBXGroup;
			children = (
				F1D930052992A5E400A28786 /* Preview Assets.xcassets */,
			);
			path = "Preview Content";
			sourceTree = "<group>";
		};
		F1D9300E2992A5E400A28786 /* Programming JokesTests */ = {
			isa = PBXGroup;
			children = (
				F1D9300F2992A5E400A28786 /* Programming_JokesTests.swift */,
			);
			path = "Programming JokesTests";
			sourceTree = "<group>";
		};
		F1D930182992A5E400A28786 /* Programming JokesUITests */ = {
			isa = PBXGroup;
			children = (
				F1D930192992A5E400A28786 /* Programming_JokesUITests.swift */,
				F1D9301B2992A5E400A28786 /* Programming_JokesUITestsLaunchTests.swift */,
			);
			path = "Programming JokesUITests";
			sourceTree = "<group>";
		};
/* End PBXGroup section */

/* Begin PBXNativeTarget section */
		F1D92FFA2992A5E300A28786 /* Programming Jokes */ = {
			isa = PBXNativeTarget;
			buildConfigurationList = F1D9301F2992A5E400A28786 /* Build configuration list for PBXNativeTarget "Programming Jokes" */;
			buildPhases = (
				F1D92FF72992A5E300A28786 /* Sources */,
				F1D92FF82992A5E300A28786 /* Frameworks */,
				F1D92FF92992A5E300A28786 /* Resources */,
			);
			buildRules = (
			);
			dependencies = (
			);
			name = "Programming Jokes";
			productName = "Programming Jokes";
			productReference = F1D92FFB2992A5E300A28786 /* Programming Jokes.app */;
			productType = "com.apple.product-type.application";
		};
		F1D9300A2992A5E400A28786 /* Programming JokesTests */ = {
			isa = PBXNativeTarget;
			buildConfigurationList = F1D930222992A5E400A28786 /* Build configuration list for PBXNativeTarget "Programming JokesTests" */;
			buildPhases = (
				F1D930072992A5E400A28786 /* Sources */,
				F1D930082992A5E400A28786 /* Frameworks */,
				F1D930092992A5E400A28786 /* Resources */,
			);
			buildRules = (
			);
			dependencies = (
				F1D9300D2992A5E400A28786 /* PBXTargetDependency */,
			);
			name = "Programming JokesTests";
			productName = "Programming JokesTests";
			productReference = F1D9300B2992A5E400A28786 /* Programming JokesTests.xctest */;
			productType = "com.apple.product-type.bundle.unit-test";
		};
		F1D930142992A5E400A28786 /* Programming JokesUITests */ = {
			isa = PBXNativeTarget;
			buildConfigurationList = F1D930252992A5E400A28786 /* Build configuration list for PBXNativeTarget "Programming JokesUITests" */;
			buildPhases = (
				F1D930112992A5E400A28786 /* Sources */,
				F1D930122992A5E400A28786 /* Frameworks */,
				F1D930132992A5E400A28786 /* Resources */,
			);
			buildRules = (
			);
			dependencies = (
				F1D930172992A5E400A28786 /* PBXTargetDependency */,
			);
			name = "Programming JokesUITests";
			productName = "Programming JokesUITests";
			productReference = F1D930152992A5E400A28786 /* Programming JokesUITests.xctest */;
			productType = "com.apple.product-type.bundle.ui-testing";
		};
/* End PBXNativeTarget section */

/* Begin PBXProject section */
		F1D92FF32992A5E300A28786 /* Project object */ = {
			isa = PBXProject;
			attributes = {
				BuildIndependentTargetsInParallel = 1;
				LastSwiftUpdateCheck = 1400;
				LastUpgradeCheck = 1400;
				TargetAttributes = {
					F1D92FFA2992A5E300A28786 = {
						CreatedOnToolsVersion = 14.0;
					};
					F1D9300A2992A5E400A28786 = {
						CreatedOnToolsVersion = 14.0;
						TestTargetID = F1D92FFA2992A5E300A28786;
					};
					F1D930142992A5E400A28786 = {
						CreatedOnToolsVersion = 14.0;
						TestTargetID = F1D92FFA2992A5E300A28786;
					};
				};
			};
			buildConfigurationList = F1D92FF62992A5E300A28786 /* Build configuration list for PBXProject "Programming Jokes" */;
			compatibilityVersion = "Xcode 14.0";
			developmentRegion = en;
			hasScannedForEncodings = 0;
			knownRegions = (
				en,
				Base,
			);
			mainGroup = F1D92FF22992A5E300A28786;
			productRefGroup = F1D92FFC2992A5E300A28786 /* Products */;
			projectDirPath = "";
			projectRoot = "";
			targets = (
				F1D92FFA2992A5E300A28786 /* Programming Jokes */,
				F1D9300A2992A5E400A28786 /* Programming JokesTests */,
				F1D930142992A5E400A28786 /* Programming JokesUITests */,
			);
		};
/* End PBXProject section */

/* Begin PBXResourcesBuildPhase section */
		F1D92FF92992A5E300A28786 /* Resources */ = {
			isa = PBXResourcesBuildPhase;
			buildActionMask = 2147483647;
			files = (
				F1D930062992A5E400A28786 /* Preview Assets.xcassets in Resources */,
				F1D930032992A5E400A28786 /* Assets.xcassets in Resources */,
			);
			runOnlyForDeploymentPostprocessing = 0;
		};
		F1D930092992A5E400A28786 /* Resources */ = {
			isa = PBXResourcesBuildPhase;
			buildActionMask = 2147483647;
			files = (
			);
			runOnlyForDeploymentPostprocessing = 0;
		};
		F1D930132992A5E400A28786 /* Resources */ = {
			isa = PBXResourcesBuildPhase;
			buildActionMask = 2147483647;
			files = (
			);
			runOnlyForDeploymentPostprocessing = 0;
		};
/* End PBXResourcesBuildPhase section */

/* Begin PBXSourcesBuildPhase section */
		F1D92FF72992A5E300A28786 /* Sources */ = {
			isa = PBXSourcesBuildPhase;
			buildActionMask = 2147483647;
			files = (
				F1D930012992A5E300A28786 /* ContentView.swift in Sources */,
				F1D92FFF2992A5E300A28786 /* Programming_JokesApp.swift in Sources */,
			);
			runOnlyForDeploymentPostprocessing = 0;
		};
		F1D930072992A5E400A28786 /* Sources */ = {
			isa = PBXSourcesBuildPhase;
			buildActionMask = 2147483647;
			files = (
				F1D930102992A5E400A28786 /* Programming_JokesTests.swift in Sources */,
			);
			runOnlyForDeploymentPostprocessing = 0;
		};
		F1D930112992A5E400A28786 /* Sources */ = {
			isa = PBXSourcesBuildPhase;
			buildActionMask = 2147483647;
			files = (
				F1D9301A2992A5E400A28786 /* Programming_JokesUITests.swift in Sources */,
				F1D9301C2992A5E400A28786 /* Programming_JokesUITestsLaunchTests.swift in Sources */,
			);
			runOnlyForDeploymentPostprocessing = 0;
		};
/* End PBXSourcesBuildPhase section */

/* Begin PBXTargetDependency section */
		F1D9300D2992A5E400A28786 /* PBXTargetDependency */ = {
			isa = PBXTargetDependency;
			target = F1D92FFA2992A5E300A28786 /* Programming Jokes */;
			targetProxy = F1D9300C2992A5E400A28786 /* PBXContainerItemProxy */;
		};
		F1D930172992A5E400A28786 /* PBXTargetDependency */ = {
			isa = PBXTargetDependency;
			target = F1D92FFA2992A5E300A28786 /* Programming Jokes */;
			targetProxy = F1D930162992A5E400A28786 /* PBXContainerItemProxy */;
		};
/* End PBXTargetDependency section */

/* Begin XCBuildConfiguration section */
		F1D9301D2992A5E400A28786 /* Debug */ = {
			isa = XCBuildConfiguration;
			buildSettings = {
				ALWAYS_SEARCH_USER_PATHS = NO;
				CLANG_ANALYZER_NONNULL = YES;
				CLANG_ANALYZER_NUMBER_OBJECT_CONVERSION = YES_AGGRESSIVE;
				CLANG_CXX_LANGUAGE_STANDARD = "gnu++20";
				CLANG_ENABLE_MODULES = YES;
				CLANG_ENABLE_OBJC_ARC = YES;
				CLANG_ENABLE_OBJC_WEAK = YES;
				CLANG_WARN_BLOCK_CAPTURE_AUTORELEASING = YES;
				CLANG_WARN_BOOL_CONVERSION = YES;
				CLANG_WARN_COMMA = YES;
				CLANG_WARN_CONSTANT_CONVERSION = YES;
				CLANG_WARN_DEPRECATED_OBJC_IMPLEMENTATIONS = YES;
				CLANG_WARN_DIRECT_OBJC_ISA_USAGE = YES_ERROR;
				CLANG_WARN_DOCUMENTATION_COMMENTS = YES;
				CLANG_WARN_EMPTY_BODY = YES;
				CLANG_WARN_ENUM_CONVERSION = YES;
				CLANG_WARN_INFINITE_RECURSION = YES;
				CLANG_WARN_INT_CONVERSION = YES;
				CLANG_WARN_NON_LITERAL_NULL_CONVERSION = YES;
				CLANG_WARN_OBJC_IMPLICIT_RETAIN_SELF = YES;
				CLANG_WARN_OBJC_LITERAL_CONVERSION = YES;
				CLANG_WARN_OBJC_ROOT_CLASS = YES_ERROR;
				CLANG_WARN_QUOTED_INCLUDE_IN_FRAMEWORK_HEADER = YES;
				CLANG_WARN_RANGE_LOOP_ANALYSIS = YES;
				CLANG_WARN_STRICT_PROTOTYPES = YES;
				CLANG_WARN_SUSPICIOUS_MOVE = YES;
				CLANG_WARN_UNGUARDED_AVAILABILITY = YES_AGGRESSIVE;
				CLANG_WARN_UNREACHABLE_CODE = YES;
				CLANG_WARN__DUPLICATE_METHOD_MATCH = YES;
				COPY_PHASE_STRIP = NO;
				DEBUG_INFORMATION_FORMAT = dwarf;
				ENABLE_STRICT_OBJC_MSGSEND = YES;
				ENABLE_TESTABILITY = YES;
				GCC_C_LANGUAGE_STANDARD = gnu11;
				GCC_DYNAMIC_NO_PIC = NO;
				GCC_NO_COMMON_BLOCKS = YES;
				GCC_OPTIMIZATION_LEVEL = 0;
				GCC_PREPROCESSOR_DEFINITIONS = (
					"DEBUG=1",
					"$(inherited)",
				);
				GCC_WARN_64_TO_32_BIT_CONVERSION = YES;
				GCC_WARN_ABOUT_RETURN_TYPE = YES_ERROR;
				GCC_WARN_UNDECLARED_SELECTOR = YES;
				GCC_WARN_UNINITIALIZED_AUTOS = YES_AGGRESSIVE;
				GCC_WARN_UNUSED_FUNCTION = YES;
				GCC_WARN_UNUSED_VARIABLE = YES;
				IPHONEOS_DEPLOYMENT_TARGET = 16.0;
				MTL_ENABLE_DEBUG_INFO = INCLUDE_SOURCE;
				MTL_FAST_MATH = YES;
				ONLY_ACTIVE_ARCH = YES;
				SDKROOT = iphoneos;
				SWIFT_ACTIVE_COMPILATION_CONDITIONS = DEBUG;
				SWIFT_OPTIMIZATION_LEVEL = "-Onone";
			};
			name = Debug;
		};
		F1D9301E2992A5E400A28786 /* Release */ = {
			isa = XCBuildConfiguration;
			buildSettings = {
				ALWAYS_SEARCH_USER_PATHS = NO;
				CLANG_ANALYZER_NONNULL = YES;
				CLANG_ANALYZER_NUMBER_OBJECT_CONVERSION = YES_AGGRESSIVE;
				CLANG_CXX_LANGUAGE_STANDARD = "gnu++20";
				CLANG_ENABLE_MODULES = YES;
				CLANG_ENABLE_OBJC_ARC = YES;
				CLANG_ENABLE_OBJC_WEAK = YES;
				CLANG_WARN_BLOCK_CAPTURE_AUTORELEASING = YES;
				CLANG_WARN_BOOL_CONVERSION = YES;
				CLANG_WARN_COMMA = YES;
				CLANG_WARN_CONSTANT_CONVERSION = YES;
				CLANG_WARN_DEPRECATED_OBJC_IMPLEMENTATIONS = YES;
				CLANG_WARN_DIRECT_OBJC_ISA_USAGE = YES_ERROR;
				CLANG_WARN_DOCUMENTATION_COMMENTS = YES;
				CLANG_WARN_EMPTY_BODY = YES;
				CLANG_WARN_ENUM_CONVERSION = YES;
				CLANG_WARN_INFINITE_RECURSION = YES;
				CLANG_WARN_INT_CONVERSION = YES;
				CLANG_WARN_NON_LITERAL_NULL_CONVERSION = YES;
				CLANG_WARN_OBJC_IMPLICIT_RETAIN_SELF = YES;
				CLANG_WARN_OBJC_LITERAL_CONVERSION = YES;
				CLANG_WARN_OBJC_ROOT_CLASS = YES_ERROR;
				CLANG_WARN_QUOTED_INCLUDE_IN_FRAMEWORK_HEADER = YES;
				CLANG_WARN_RANGE_LOOP_ANALYSIS = YES;
				CLANG_WARN_STRICT_PROTOTYPES = YES;
				CLANG_WARN_SUSPICIOUS_MOVE = YES;
				CLANG_WARN_UNGUARDED_AVAILABILITY = YES_AGGRESSIVE;
				CLANG_WARN_UNREACHABLE_CODE = YES;
				CLANG_WARN__DUPLICATE_METHOD_MATCH = YES;
				COPY_PHASE_STRIP = NO;
				DEBUG_INFORMATION_FORMAT = "dwarf-with-dsym";
				ENABLE_NS_ASSERTIONS = NO;
				ENABLE_STRICT_OBJC_MSGSEND = YES;
				GCC_C_LANGUAGE_STANDARD = gnu11;
				GCC_NO_COMMON_BLOCKS = YES;
				GCC_WARN_64_TO_32_BIT_CONVERSION = YES;
				GCC_WARN_ABOUT_RETURN_TYPE = YES_ERROR;
				GCC_WARN_UNDECLARED_SELECTOR = YES;
				GCC_WARN_UNINITIALIZED_AUTOS = YES_AGGRESSIVE;
				GCC_WARN_UNUSED_FUNCTION = YES;
				GCC_WARN_UNUSED_VARIABLE = YES;
				IPHONEOS_DEPLOYMENT_TARGET = 16.0;
				MTL_ENABLE_DEBUG_INFO = NO;
				MTL_FAST_MATH = YES;
				SDKROOT = iphoneos;
				SWIFT_COMPILATION_MODE = wholemodule;
				SWIFT_OPTIMIZATION_LEVEL = "-O";
				VALIDATE_PRODUCT = YES;
			};
			name = Release;
		};
		F1D930202992A5E400A28786 /* Debug */ = {
			isa = XCBuildConfiguration;
			buildSettings = {
				ASSETCATALOG_COMPILER_APPICON_NAME = AppIcon;
				ASSETCATALOG_COMPILER_GLOBAL_ACCENT_COLOR_NAME = AccentColor;
				CODE_SIGN_STYLE = Automatic;
				CURRENT_PROJECT_VERSION = 1;
				DEVELOPMENT_ASSET_PATHS = "\"Programming Jokes/Preview Content\"";
				DEVELOPMENT_TEAM = W3GN63M436;
				ENABLE_PREVIEWS = YES;
				GENERATE_INFOPLIST_FILE = YES;
				INFOPLIST_KEY_UIApplicationSceneManifest_Generation = YES;
				INFOPLIST_KEY_UIApplicationSupportsIndirectInputEvents = YES;
				INFOPLIST_KEY_UILaunchScreen_Generation = YES;
				INFOPLIST_KEY_UISupportedInterfaceOrientations_iPad = "UIInterfaceOrientationPortrait UIInterfaceOrientationPortraitUpsideDown UIInterfaceOrientationLandscapeLeft UIInterfaceOrientationLandscapeRight";
				INFOPLIST_KEY_UISupportedInterfaceOrientations_iPhone = "UIInterfaceOrientationPortrait UIInterfaceOrientationLandscapeLeft UIInterfaceOrientationLandscapeRight";
				LD_RUNPATH_SEARCH_PATHS = (
					"$(inherited)",
					"@executable_path/Frameworks",
				);
				MARKETING_VERSION = 1.0;
				PRODUCT_BUNDLE_IDENTIFIER = "MobileApps.Programming-Jokes";
				PRODUCT_NAME = "$(TARGET_NAME)";
				SWIFT_EMIT_LOC_STRINGS = YES;
				SWIFT_VERSION = 5.0;
				TARGETED_DEVICE_FAMILY = "1,2";
			};
			name = Debug;
		};
		F1D930212992A5E400A28786 /* Release */ = {
			isa = XCBuildConfiguration;
			buildSettings = {
				ASSETCATALOG_COMPILER_APPICON_NAME = AppIcon;
				ASSETCATALOG_COMPILER_GLOBAL_ACCENT_COLOR_NAME = AccentColor;
				CODE_SIGN_STYLE = Automatic;
				CURRENT_PROJECT_VERSION = 1;
				DEVELOPMENT_ASSET_PATHS = "\"Programming Jokes/Preview Content\"";
				DEVELOPMENT_TEAM = W3GN63M436;
				ENABLE_PREVIEWS = YES;
				GENERATE_INFOPLIST_FILE = YES;
				INFOPLIST_KEY_UIApplicationSceneManifest_Generation = YES;
				INFOPLIST_KEY_UIApplicationSupportsIndirectInputEvents = YES;
				INFOPLIST_KEY_UILaunchScreen_Generation = YES;
				INFOPLIST_KEY_UISupportedInterfaceOrientations_iPad = "UIInterfaceOrientationPortrait UIInterfaceOrientationPortraitUpsideDown UIInterfaceOrientationLandscapeLeft UIInterfaceOrientationLandscapeRight";
				INFOPLIST_KEY_UISupportedInterfaceOrientations_iPhone = "UIInterfaceOrientationPortrait UIInterfaceOrientationLandscapeLeft UIInterfaceOrientationLandscapeRight";
				LD_RUNPATH_SEARCH_PATHS = (
					"$(inherited)",
					"@executable_path/Frameworks",
				);
				MARKETING_VERSION = 1.0;
				PRODUCT_BUNDLE_IDENTIFIER = "MobileApps.Programming-Jokes";
				PRODUCT_NAME = "$(TARGET_NAME)";
				SWIFT_EMIT_LOC_STRINGS = YES;
				SWIFT_VERSION = 5.0;
				TARGETED_DEVICE_FAMILY = "1,2";
			};
			name = Release;
		};
		F1D930232992A5E400A28786 /* Debug */ = {
			isa = XCBuildConfiguration;
			buildSettings = {
				ALWAYS_EMBED_SWIFT_STANDARD_LIBRARIES = YES;
				BUNDLE_LOADER = "$(TEST_HOST)";
				CODE_SIGN_STYLE = Automatic;
				CURRENT_PROJECT_VERSION = 1;
				DEVELOPMENT_TEAM = W3GN63M436;
				GENERATE_INFOPLIST_FILE = YES;
				IPHONEOS_DEPLOYMENT_TARGET = 16.0;
				MARKETING_VERSION = 1.0;
				PRODUCT_BUNDLE_IDENTIFIER = "MobileApps.Programming-JokesTests";
				PRODUCT_NAME = "$(TARGET_NAME)";
				SWIFT_EMIT_LOC_STRINGS = NO;
				SWIFT_VERSION = 5.0;
				TARGETED_DEVICE_FAMILY = "1,2";
				TEST_HOST = "$(BUILT_PRODUCTS_DIR)/Programming Jokes.app/$(BUNDLE_EXECUTABLE_FOLDER_PATH)/Programming Jokes";
			};
			name = Debug;
		};
		F1D930242992A5E400A28786 /* Release */ = {
			isa = XCBuildConfiguration;
			buildSettings = {
				ALWAYS_EMBED_SWIFT_STANDARD_LIBRARIES = YES;
				BUNDLE_LOADER = "$(TEST_HOST)";
				CODE_SIGN_STYLE = Automatic;
				CURRENT_PROJECT_VERSION = 1;
				DEVELOPMENT_TEAM = W3GN63M436;
				GENERATE_INFOPLIST_FILE = YES;
				IPHONEOS_DEPLOYMENT_TARGET = 16.0;
				MARKETING_VERSION = 1.0;
				PRODUCT_BUNDLE_IDENTIFIER = "MobileApps.Programming-JokesTests";
				PRODUCT_NAME = "$(TARGET_NAME)";
				SWIFT_EMIT_LOC_STRINGS = NO;
				SWIFT_VERSION = 5.0;
				TARGETED_DEVICE_FAMILY = "1,2";
				TEST_HOST = "$(BUILT_PRODUCTS_DIR)/Programming Jokes.app/$(BUNDLE_EXECUTABLE_FOLDER_PATH)/Programming Jokes";
			};
			name = Release;
		};
		F1D930262992A5E400A28786 /* Debug */ = {
			isa = XCBuildConfiguration;
			buildSettings = {
				ALWAYS_EMBED_SWIFT_STANDARD_LIBRARIES = YES;
				CODE_SIGN_STYLE = Automatic;
				CURRENT_PROJECT_VERSION = 1;
				DEVELOPMENT_TEAM = W3GN63M436;
				GENERATE_INFOPLIST_FILE = YES;
				MARKETING_VERSION = 1.0;
				PRODUCT_BUNDLE_IDENTIFIER = "MobileApps.Programming-JokesUITests";
				PRODUCT_NAME = "$(TARGET_NAME)";
				SWIFT_EMIT_LOC_STRINGS = NO;
				SWIFT_VERSION = 5.0;
				TARGETED_DEVICE_FAMILY = "1,2";
				TEST_TARGET_NAME = "Programming Jokes";
			};
			name = Debug;
		};
		F1D930272992A5E400A28786 /* Release */ = {
			isa = XCBuildConfiguration;
			buildSettings = {
				ALWAYS_EMBED_SWIFT_STANDARD_LIBRARIES = YES;
				CODE_SIGN_STYLE = Automatic;
				CURRENT_PROJECT_VERSION = 1;
				DEVELOPMENT_TEAM = W3GN63M436;
				GENERATE_INFOPLIST_FILE = YES;
				MARKETING_VERSION = 1.0;
				PRODUCT_BUNDLE_IDENTIFIER = "MobileApps.Programming-JokesUITests";
				PRODUCT_NAME = "$(TARGET_NAME)";
				SWIFT_EMIT_LOC_STRINGS = NO;
				SWIFT_VERSION = 5.0;
				TARGETED_DEVICE_FAMILY = "1,2";
				TEST_TARGET_NAME = "Programming Jokes";
			};
			name = Release;
		};
/* End XCBuildConfiguration section */

/* Begin XCConfigurationList section */
		F1D92FF62992A5E300A28786 /* Build configuration list for PBXProject "Programming Jokes" */ = {
			isa = XCConfigurationList;
			buildConfigurations = (
				F1D9301D2992A5E400A28786 /* Debug */,
				F1D9301E2992A5E400A28786 /* Release */,
			);
			defaultConfigurationIsVisible = 0;
			defaultConfigurationName = Release;
		};
		F1D9301F2992A5E400A28786 /* Build configuration list for PBXNativeTarget "Programming Jokes" */ = {
			isa = XCConfigurationList;
			buildConfigurations = (
				F1D930202992A5E400A28786 /* Debug */,
				F1D930212992A5E400A28786 /* Release */,
			);
			defaultConfigurationIsVisible = 0;
			defaultConfigurationName = Release;
		};
		F1D930222992A5E400A28786 /* Build configuration list for PBXNativeTarget "Programming JokesTests" */ = {
			isa = XCConfigurationList;
			buildConfigurations = (
				F1D930232992A5E400A28786 /* Debug */,
				F1D930242992A5E400A28786 /* Release */,
			);
			defaultConfigurationIsVisible = 0;
			defaultConfigurationName = Release;
		};
		F1D930252992A5E400A28786 /* Build configuration list for PBXNativeTarget "Programming JokesUITests" */ = {
			isa = XCConfigurationList;
			buildConfigurations = (
				F1D930262992A5E400A28786 /* Debug */,
				F1D930272992A5E400A28786 /* Release */,
			);
			defaultConfigurationIsVisible = 0;
			defaultConfigurationName = Release;
		};
/* End XCConfigurationList section */
	};
	rootObject = F1D92FF32992A5E300A28786 /* Project object */;
}
